
Microsoft Visual Studio Solution File, Format Version 12.00
# Visual Studio 2015
Project("{FAE04EC0-301F-11D3-BF4B-00C04F79EFBC}") = "hallowgods", "hallowgods.csproj", "{7F96EA11-D703-F00D-6ADB-3DD1DE33C7F9}"
EndProject
Project("{FAE04EC0-301F-11D3-BF4B-00C04F79EFBC}") = "hallowgods.Editor", "hallowgods.Editor.csproj", "{B7B9BE68-7EFB-8083-CBC5-0027F33B1473}"
EndProject
Global
	GlobalSection(SolutionConfigurationPlatforms) = preSolution
		Debug|Any CPU = Debug|Any CPU
		Release|Any CPU = Release|Any CPU
	EndGlobalSection
	GlobalSection(ProjectConfigurationPlatforms) = postSolution
		{7F96EA11-D703-F00D-6ADB-3DD1DE33C7F9}.Debug|Any CPU.ActiveCfg = Debug|Any CPU
		{7F96EA11-D703-F00D-6ADB-3DD1DE33C7F9}.Debug|Any CPU.Build.0 = Debug|Any CPU
		{7F96EA11-D703-F00D-6ADB-3DD1DE33C7F9}.Release|Any CPU.ActiveCfg = Release|Any CPU
		{7F96EA11-D703-F00D-6ADB-3DD1DE33C7F9}.Release|Any CPU.Build.0 = Release|Any CPU
		{B7B9BE68-7EFB-8083-CBC5-0027F33B1473}.Debug|Any CPU.ActiveCfg = Debug|Any CPU
		{B7B9BE68-7EFB-8083-CBC5-0027F33B1473}.Debug|Any CPU.Build.0 = Debug|Any CPU
		{B7B9BE68-7EFB-8083-CBC5-0027F33B1473}.Release|Any CPU.ActiveCfg = Release|Any CPU
		{B7B9BE68-7EFB-8083-CBC5-0027F33B1473}.Release|Any CPU.Build.0 = Release|Any CPU
	EndGlobalSection
	GlobalSection(SolutionProperties) = preSolution
		HideSolutionNode = FALSE
	EndGlobalSection
EndGlobal
